
Microsoft Visual Studio Solution File, Format Version 12.00
# Visual Studio Version 17
VisualStudioVersion = 17.14.36915.13 d17.14
MinimumVisualStudioVersion = 10.0.40219.1
Project("{FAE04EC0-301F-11D3-BF4B-00C04F79EFBC}") = "TestWpfRotateAnimation1", "TestWpfRotateAnimation1\TestWpfRotateAnimation1.csproj", "{705705BB-3649-4B20-96B8-5C177A4C0A02}"
EndProject
Global
	GlobalSection(SolutionConfigurationPlatforms) = preSolution
		Debug|Any CPU = Debug|Any CPU
		Release|Any CPU = Release|Any CPU
	EndGlobalSection
	GlobalSection(ProjectConfigurationPlatforms) = postSolution
		{705705BB-3649-4B20-96B8-5C177A4C0A02}.Debug|Any CPU.ActiveCfg = Debug|Any CPU
		{705705BB-3649-4B20-96B8-5C177A4C0A02}.Debug|Any CPU.Build.0 = Debug|Any CPU
		{705705BB-3649-4B20-96B8-5C177A4C0A02}.Release|Any CPU.ActiveCfg = Release|Any CPU
		{705705BB-3649-4B20-96B8-5C177A4C0A02}.Release|Any CPU.Build.0 = Release|Any CPU
	EndGlobalSection
	GlobalSection(SolutionProperties) = preSolution
		HideSolutionNode = FALSE
	EndGlobalSection
	GlobalSection(ExtensibilityGlobals) = postSolution
		SolutionGuid = {DCCBA60A-5749-4F5B-9091-EF95F936103E}
	EndGlobalSection
EndGlobal
