
Microsoft Visual Studio Solution File, Format Version 12.00
# Visual Studio Version 17
VisualStudioVersion = 17.10.34916.146
MinimumVisualStudioVersion = 10.0.40219.1
Project("{FAE04EC0-301F-11D3-BF4B-00C04F79EFBC}") = "DemoEventViewer", "DemoEventViewer\DemoEventViewer.csproj", "{CBA7B75D-9A12-4784-BBA9-4AFDAB1D256D}"
EndProject
Global
	GlobalSection(SolutionConfigurationPlatforms) = preSolution
		Debug|Any CPU = Debug|Any CPU
		Release|Any CPU = Release|Any CPU
	EndGlobalSection
	GlobalSection(ProjectConfigurationPlatforms) = postSolution
		{CBA7B75D-9A12-4784-BBA9-4AFDAB1D256D}.Debug|Any CPU.ActiveCfg = Debug|Any CPU
		{CBA7B75D-9A12-4784-BBA9-4AFDAB1D256D}.Debug|Any CPU.Build.0 = Debug|Any CPU
		{CBA7B75D-9A12-4784-BBA9-4AFDAB1D256D}.Release|Any CPU.ActiveCfg = Release|Any CPU
		{CBA7B75D-9A12-4784-BBA9-4AFDAB1D256D}.Release|Any CPU.Build.0 = Release|Any CPU
	EndGlobalSection
	GlobalSection(SolutionProperties) = preSolution
		HideSolutionNode = FALSE
	EndGlobalSection
	GlobalSection(ExtensibilityGlobals) = postSolution
		SolutionGuid = {807D4D63-4136-42CC-B21B-715F72390FB0}
	EndGlobalSection
EndGlobal
