
Microsoft Visual Studio Solution File, Format Version 12.00
# Visual Studio Version 17
VisualStudioVersion = 17.10.34916.146
MinimumVisualStudioVersion = 10.0.40219.1
Project("{FAE04EC0-301F-11D3-BF4B-00C04F79EFBC}") = "TestWpfLog4Net2", "TestWpfLog4Net2\TestWpfLog4Net2.csproj", "{0225DDD8-DB91-4912-8991-9378D46C88FF}"
EndProject
Global
	GlobalSection(SolutionConfigurationPlatforms) = preSolution
		Debug|Any CPU = Debug|Any CPU
		Release|Any CPU = Release|Any CPU
	EndGlobalSection
	GlobalSection(ProjectConfigurationPlatforms) = postSolution
		{0225DDD8-DB91-4912-8991-9378D46C88FF}.Debug|Any CPU.ActiveCfg = Debug|Any CPU
		{0225DDD8-DB91-4912-8991-9378D46C88FF}.Debug|Any CPU.Build.0 = Debug|Any CPU
		{0225DDD8-DB91-4912-8991-9378D46C88FF}.Release|Any CPU.ActiveCfg = Release|Any CPU
		{0225DDD8-DB91-4912-8991-9378D46C88FF}.Release|Any CPU.Build.0 = Release|Any CPU
	EndGlobalSection
	GlobalSection(SolutionProperties) = preSolution
		HideSolutionNode = FALSE
	EndGlobalSection
	GlobalSection(ExtensibilityGlobals) = postSolution
		SolutionGuid = {1D5CF720-A4E6-4D86-90A8-39EEEC071802}
	EndGlobalSection
EndGlobal
