
Microsoft Visual Studio Solution File, Format Version 12.00
# Visual Studio Version 17
VisualStudioVersion = 17.14.36804.6 d17.14
MinimumVisualStudioVersion = 10.0.40219.1
Project("{FAE04EC0-301F-11D3-BF4B-00C04F79EFBC}") = "TestWpfSpinRectangle1", "TestWpfSpinRectangle1\TestWpfSpinRectangle1.csproj", "{5D1E9673-2D25-4C02-83FD-9142F73860DE}"
EndProject
Global
	GlobalSection(SolutionConfigurationPlatforms) = preSolution
		Debug|Any CPU = Debug|Any CPU
		Release|Any CPU = Release|Any CPU
	EndGlobalSection
	GlobalSection(ProjectConfigurationPlatforms) = postSolution
		{5D1E9673-2D25-4C02-83FD-9142F73860DE}.Debug|Any CPU.ActiveCfg = Debug|Any CPU
		{5D1E9673-2D25-4C02-83FD-9142F73860DE}.Debug|Any CPU.Build.0 = Debug|Any CPU
		{5D1E9673-2D25-4C02-83FD-9142F73860DE}.Release|Any CPU.ActiveCfg = Release|Any CPU
		{5D1E9673-2D25-4C02-83FD-9142F73860DE}.Release|Any CPU.Build.0 = Release|Any CPU
	EndGlobalSection
	GlobalSection(SolutionProperties) = preSolution
		HideSolutionNode = FALSE
	EndGlobalSection
	GlobalSection(ExtensibilityGlobals) = postSolution
		SolutionGuid = {F7EC377F-758B-459E-8C3B-A1DD3A450357}
	EndGlobalSection
EndGlobal
