
Microsoft Visual Studio Solution File, Format Version 12.00
# Visual Studio Version 17
VisualStudioVersion = 17.10.35013.160
MinimumVisualStudioVersion = 10.0.40219.1
Project("{FAE04EC0-301F-11D3-BF4B-00C04F79EFBC}") = "TestWpfZoomAndPan1", "TestWpfZoomAndPan1\TestWpfZoomAndPan1.csproj", "{2D70EAA2-CFF1-43E2-83DF-234816EFFB52}"
EndProject
Global
	GlobalSection(SolutionConfigurationPlatforms) = preSolution
		Debug|Any CPU = Debug|Any CPU
		Release|Any CPU = Release|Any CPU
	EndGlobalSection
	GlobalSection(ProjectConfigurationPlatforms) = postSolution
		{2D70EAA2-CFF1-43E2-83DF-234816EFFB52}.Debug|Any CPU.ActiveCfg = Debug|Any CPU
		{2D70EAA2-CFF1-43E2-83DF-234816EFFB52}.Debug|Any CPU.Build.0 = Debug|Any CPU
		{2D70EAA2-CFF1-43E2-83DF-234816EFFB52}.Release|Any CPU.ActiveCfg = Release|Any CPU
		{2D70EAA2-CFF1-43E2-83DF-234816EFFB52}.Release|Any CPU.Build.0 = Release|Any CPU
	EndGlobalSection
	GlobalSection(SolutionProperties) = preSolution
		HideSolutionNode = FALSE
	EndGlobalSection
	GlobalSection(ExtensibilityGlobals) = postSolution
		SolutionGuid = {385D906F-C0F2-4D4E-B05B-9C665BDA79D1}
	EndGlobalSection
EndGlobal
