
Microsoft Visual Studio Solution File, Format Version 12.00
# Visual Studio Version 17
VisualStudioVersion = 17.14.36915.13 d17.14
MinimumVisualStudioVersion = 10.0.40219.1
Project("{FAE04EC0-301F-11D3-BF4B-00C04F79EFBC}") = "TestWpfQtLangDeserialize1", "TestWpfQtLangDeserialize1\TestWpfQtLangDeserialize1.csproj", "{26FC4976-E151-4A05-A157-8C77D59B00B5}"
EndProject
Global
	GlobalSection(SolutionConfigurationPlatforms) = preSolution
		Debug|Any CPU = Debug|Any CPU
		Release|Any CPU = Release|Any CPU
	EndGlobalSection
	GlobalSection(ProjectConfigurationPlatforms) = postSolution
		{26FC4976-E151-4A05-A157-8C77D59B00B5}.Debug|Any CPU.ActiveCfg = Debug|Any CPU
		{26FC4976-E151-4A05-A157-8C77D59B00B5}.Debug|Any CPU.Build.0 = Debug|Any CPU
		{26FC4976-E151-4A05-A157-8C77D59B00B5}.Release|Any CPU.ActiveCfg = Release|Any CPU
		{26FC4976-E151-4A05-A157-8C77D59B00B5}.Release|Any CPU.Build.0 = Release|Any CPU
	EndGlobalSection
	GlobalSection(SolutionProperties) = preSolution
		HideSolutionNode = FALSE
	EndGlobalSection
	GlobalSection(ExtensibilityGlobals) = postSolution
		SolutionGuid = {266C1DAF-37D6-493D-81C2-D626281ED2A9}
	EndGlobalSection
EndGlobal
